
Microsoft Visual Studio Solution File, Format Version 12.00
# Visual Studio 14
VisualStudioVersion = 14.0.24720.0
MinimumVisualStudioVersion = 10.0.40219.1
Project("{FAE04EC0-301F-11D3-BF4B-00C04F79EFBC}") = "TspLibNet", "TspLibNet\TspLibNet.csproj", "{A5F17DFD-80C3-4F1F-B85F-F30E24E6F158}"
EndProject
Project("{FAE04EC0-301F-11D3-BF4B-00C04F79EFBC}") = "TspLibNetTests", "TspLibNetTests\TspLibNetTests.csproj", "{452F80AC-536C-4E55-A2DC-D78AA0E9EF66}"
EndProject
Project("{2150E333-8FDC-42A3-9474-1A3956D46DE8}") = "Solution Items", "Solution Items", "{986E4312-63AB-4356-9340-D31AE28DD4E2}"
	ProjectSection(SolutionItems) = preProject
		Local.testsettings = Local.testsettings
		TraceAndTestImpact.testsettings = TraceAndTestImpact.testsettings
		TspLibNet.vsmdi = TspLibNet.vsmdi
	EndProjectSection
EndProject
Project("{2150E333-8FDC-42A3-9474-1A3956D46DE8}") = "NuGet", "NuGet", "{C6161D34-B3DA-4941-A2CB-0A92160B890B}"
	ProjectSection(SolutionItems) = preProject
		NuGet\TSPLib.Net.nuspec = NuGet\TSPLib.Net.nuspec
	EndProjectSection
EndProject
Global
	GlobalSection(SolutionConfigurationPlatforms) = preSolution
		Debug|Any CPU = Debug|Any CPU
		Release|Any CPU = Release|Any CPU
	EndGlobalSection
	GlobalSection(ProjectConfigurationPlatforms) = postSolution
		{A5F17DFD-80C3-4F1F-B85F-F30E24E6F158}.Debug|Any CPU.ActiveCfg = Debug|Any CPU
		{A5F17DFD-80C3-4F1F-B85F-F30E24E6F158}.Debug|Any CPU.Build.0 = Debug|Any CPU
		{A5F17DFD-80C3-4F1F-B85F-F30E24E6F158}.Release|Any CPU.ActiveCfg = Release|Any CPU
		{A5F17DFD-80C3-4F1F-B85F-F30E24E6F158}.Release|Any CPU.Build.0 = Release|Any CPU
		{452F80AC-536C-4E55-A2DC-D78AA0E9EF66}.Debug|Any CPU.ActiveCfg = Debug|Any CPU
		{452F80AC-536C-4E55-A2DC-D78AA0E9EF66}.Debug|Any CPU.Build.0 = Debug|Any CPU
		{452F80AC-536C-4E55-A2DC-D78AA0E9EF66}.Release|Any CPU.ActiveCfg = Release|Any CPU
		{452F80AC-536C-4E55-A2DC-D78AA0E9EF66}.Release|Any CPU.Build.0 = Release|Any CPU
	EndGlobalSection
	GlobalSection(SolutionProperties) = preSolution
		HideSolutionNode = FALSE
	EndGlobalSection
	GlobalSection(TestCaseManagementSettings) = postSolution
		CategoryFile = TspLibNet.vsmdi
	EndGlobalSection
EndGlobal
